// !$*UTF8*$!
{
	archiveVersion = 1;
	classes = {
	};
	objectVersion = 50;
	objects = {

/* Begin PBXBuildFile section */
		361C7E7129752CCA00723E07 /* MapView.swift in Sources */ = {isa = PBXBuildFile; fileRef = 361C7E7029752CCA00723E07 /* MapView.swift */; };
		3625D3E5297520E0003A1C80 /* LandmarksLowApp.swift in Sources */ = {isa = PBXBuildFile; fileRef = 3625D3E4297520E0003A1C80 /* LandmarksLowApp.swift */; };
		3625D3E7297520E0003A1C80 /* ContentView.swift in Sources */ = {isa = PBXBuildFile; fileRef = 3625D3E6297520E0003A1C80 /* ContentView.swift */; };
		3625D3E9297520E2003A1C80 /* Assets.xcassets in Resources */ = {isa = PBXBuildFile; fileRef = 3625D3E8297520E2003A1C80 /* Assets.xcassets */; };
		3625D3EC297520E2003A1C80 /* Preview Assets.xcassets in Resources */ = {isa = PBXBuildFile; fileRef = 3625D3EB297520E2003A1C80 /* Preview Assets.xcassets */; };
		3625D3F7297520E2003A1C80 /* LandmarksLowTests.swift in Sources */ = {isa = PBXBuildFile; fileRef = 3625D3F6297520E2003A1C80 /* LandmarksLowTests.swift */; };
		3625D402297520E2003A1C80 /* LandmarksLowUITests.swift in Sources */ = {isa = PBXBuildFile; fileRef = 3625D401297520E2003A1C80 /* LandmarksLowUITests.swift */; };
		3625D413297527A1003A1C80 /* CircleImage.swift in Sources */ = {isa = PBXBuildFile; fileRef = 3625D412297527A1003A1C80 /* CircleImage.swift */; };
		B0D27941297AC894000B2805 /* landmarkData.json in Resources */ = {isa = PBXBuildFile; fileRef = B0D27940297AC894000B2805 /* landmarkData.json */; };
		B0D27946297AC8B6000B2805 /* Landmark.swift in Sources */ = {isa = PBXBuildFile; fileRef = B0D27945297AC8B6000B2805 /* Landmark.swift */; };
		B0D2794B297ACD09000B2805 /* ModelData.swift in Sources */ = {isa = PBXBuildFile; fileRef = B0D2794A297ACD09000B2805 /* ModelData.swift */; };
/* End PBXBuildFile section */

/* Begin PBXContainerItemProxy section */
		3625D3F3297520E2003A1C80 /* PBXContainerItemProxy */ = {
			isa = PBXContainerItemProxy;
			containerPortal = 3625D3D9297520E0003A1C80 /* Project object */;
			proxyType = 1;
			remoteGlobalIDString = 3625D3E0297520E0003A1C80;
			remoteInfo = LandmarksLow;
		};
		3625D3FE297520E2003A1C80 /* PBXContainerItemProxy */ = {
			isa = PBXContainerItemProxy;
			containerPortal = 3625D3D9297520E0003A1C80 /* Project object */;
			proxyType = 1;
			remoteGlobalIDString = 3625D3E0297520E0003A1C80;
			remoteInfo = LandmarksLow;
		};
/* End PBXContainerItemProxy section */

/* Begin PBXFileReference section */
		361C7E7029752CCA00723E07 /* MapView.swift */ = {isa = PBXFileReference; lastKnownFileType = sourcecode.swift; path = MapView.swift; sourceTree = "<group>"; };
		3625D3E1297520E0003A1C80 /* LandmarksLow.app */ = {isa = PBXFileReference; explicitFileType = wrapper.application; includeInIndex = 0; path = LandmarksLow.app; sourceTree = BUILT_PRODUCTS_DIR; };
		3625D3E4297520E0003A1C80 /* LandmarksLowApp.swift */ = {isa = PBXFileReference; lastKnownFileType = sourcecode.swift; path = LandmarksLowApp.swift; sourceTree = "<group>"; };
		3625D3E6297520E0003A1C80 /* ContentView.swift */ = {isa = PBXFileReference; lastKnownFileType = sourcecode.swift; path = ContentView.swift; sourceTree = "<group>"; };
		3625D3E8297520E2003A1C80 /* Assets.xcassets */ = {isa = PBXFileReference; lastKnownFileType = folder.assetcatalog; path = Assets.xcassets; sourceTree = "<group>"; };
		3625D3EB297520E2003A1C80 /* Preview Assets.xcassets */ = {isa = PBXFileReference; lastKnownFileType = folder.assetcatalog; path = "Preview Assets.xcassets"; sourceTree = "<group>"; };
		3625D3ED297520E2003A1C80 /* Info.plist */ = {isa = PBXFileReference; lastKnownFileType = text.plist.xml; path = Info.plist; sourceTree = "<group>"; };
		3625D3F2297520E2003A1C80 /* LandmarksLowTests.xctest */ = {isa = PBXFileReference; explicitFileType = wrapper.cfbundle; includeInIndex = 0; path = LandmarksLowTests.xctest; sourceTree = BUILT_PRODUCTS_DIR; };
		3625D3F6297520E2003A1C80 /* LandmarksLowTests.swift */ = {isa = PBXFileReference; lastKnownFileType = sourcecode.swift; path = LandmarksLowTests.swift; sourceTree = "<group>"; };
		3625D3F8297520E2003A1C80 /* Info.plist */ = {isa = PBXFileReference; lastKnownFileType = text.plist.xml; path = Info.plist; sourceTree = "<group>"; };
		3625D3FD297520E2003A1C80 /* LandmarksLowUITests.xctest */ = {isa = PBXFileReference; explicitFileType = wrapper.cfbundle; includeInIndex = 0; path = LandmarksLowUITests.xctest; sourceTree = BUILT_PRODUCTS_DIR; };
		3625D401297520E2003A1C80 /* LandmarksLowUITests.swift */ = {isa = PBXFileReference; lastKnownFileType = sourcecode.swift; path = LandmarksLowUITests.swift; sourceTree = "<group>"; };
		3625D403297520E2003A1C80 /* Info.plist */ = {isa = PBXFileReference; lastKnownFileType = text.plist.xml; path = Info.plist; sourceTree = "<group>"; };
		3625D412297527A1003A1C80 /* CircleImage.swift */ = {isa = PBXFileReference; lastKnownFileType = sourcecode.swift; path = CircleImage.swift; sourceTree = "<group>"; };
		B0D27940297AC894000B2805 /* landmarkData.json */ = {isa = PBXFileReference; fileEncoding = 4; lastKnownFileType = text.json; path = landmarkData.json; sourceTree = "<group>"; };
		B0D27945297AC8B6000B2805 /* Landmark.swift */ = {isa = PBXFileReference; lastKnownFileType = sourcecode.swift; path = Landmark.swift; sourceTree = "<group>"; };
		B0D2794A297ACD09000B2805 /* ModelData.swift */ = {isa = PBXFileReference; lastKnownFileType = sourcecode.swift; path = ModelData.swift; sourceTree = "<group>"; };
/* End PBXFileReference section */

/* Begin PBXFrameworksBuildPhase section */
		3625D3DE297520E0003A1C80 /* Frameworks */ = {
			isa = PBXFrameworksBuildPhase;
			buildActionMask = 2147483647;
			files = (
			);
			runOnlyForDeploymentPostprocessing = 0;
		};
		3625D3EF297520E2003A1C80 /* Frameworks */ = {
			isa = PBXFrameworksBuildPhase;
			buildActionMask = 2147483647;
			files = (
			);
			runOnlyForDeploymentPostprocessing = 0;
		};
		3625D3FA297520E2003A1C80 /* Frameworks */ = {
			isa = PBXFrameworksBuildPhase;
			buildActionMask = 2147483647;
			files = (
			);
			runOnlyForDeploymentPostprocessing = 0;
		};
/* End PBXFrameworksBuildPhase section */

/* Begin PBXGroup section */
		3625D3D8297520E0003A1C80 = {
			isa = PBXGroup;
			children = (
				3625D3E3297520E0003A1C80 /* LandmarksLow */,
				3625D3F5297520E2003A1C80 /* LandmarksLowTests */,
				3625D400297520E2003A1C80 /* LandmarksLowUITests */,
				3625D3E2297520E0003A1C80 /* Products */,
			);
			sourceTree = "<group>";
		};
		3625D3E2297520E0003A1C80 /* Products */ = {
			isa = PBXGroup;
			children = (
				3625D3E1297520E0003A1C80 /* LandmarksLow.app */,
				3625D3F2297520E2003A1C80 /* LandmarksLowTests.xctest */,
				3625D3FD297520E2003A1C80 /* LandmarksLowUITests.xctest */,
			);
			name = Products;
			sourceTree = "<group>";
		};
		3625D3E3297520E0003A1C80 /* LandmarksLow */ = {
			isa = PBXGroup;
			children = (
				B0D27951297ACF71000B2805 /* Resources */,
				B0D27950297ACF55000B2805 /* Model */,
				B0D2794F297ACF21000B2805 /* Views */,
				3625D3E4297520E0003A1C80 /* LandmarksLowApp.swift */,
				3625D3E8297520E2003A1C80 /* Assets.xcassets */,
				3625D3ED297520E2003A1C80 /* Info.plist */,
				3625D3EA297520E2003A1C80 /* Preview Content */,
			);
			path = LandmarksLow;
			sourceTree = "<group>";
		};
		3625D3EA297520E2003A1C80 /* Preview Content */ = {
			isa = PBXGroup;
			children = (
				3625D3EB297520E2003A1C80 /* Preview Assets.xcassets */,
			);
			path = "Preview Content";
			sourceTree = "<group>";
		};
		3625D3F5297520E2003A1C80 /* LandmarksLowTests */ = {
			isa = PBXGroup;
			children = (
				3625D3F6297520E2003A1C80 /* LandmarksLowTests.swift */,
				3625D3F8297520E2003A1C80 /* Info.plist */,
			);
			path = LandmarksLowTests;
			sourceTree = "<group>";
		};
		3625D400297520E2003A1C80 /* LandmarksLowUITests */ = {
			isa = PBXGroup;
			children = (
				3625D401297520E2003A1C80 /* LandmarksLowUITests.swift */,
				3625D403297520E2003A1C80 /* Info.plist */,
			);
			path = LandmarksLowUITests;
			sourceTree = "<group>";
		};
		B0D2794F297ACF21000B2805 /* Views */ = {
			isa = PBXGroup;
			children = (
				3625D3E6297520E0003A1C80 /* ContentView.swift */,
				3625D412297527A1003A1C80 /* CircleImage.swift */,
				361C7E7029752CCA00723E07 /* MapView.swift */,
			);
			path = Views;
			sourceTree = "<group>";
		};
		B0D27950297ACF55000B2805 /* Model */ = {
			isa = PBXGroup;
			children = (
				B0D27945297AC8B6000B2805 /* Landmark.swift */,
				B0D2794A297ACD09000B2805 /* ModelData.swift */,
			);
			path = Model;
			sourceTree = "<group>";
		};
		B0D27951297ACF71000B2805 /* Resources */ = {
			isa = PBXGroup;
			children = (
				B0D27940297AC894000B2805 /* landmarkData.json */,
			);
			path = Resources;
			sourceTree = "<group>";
		};
/* End PBXGroup section */

/* Begin PBXNativeTarget section */
		3625D3E0297520E0003A1C80 /* LandmarksLow */ = {
			isa = PBXNativeTarget;
			buildConfigurationList = 3625D406297520E2003A1C80 /* Build configuration list for PBXNativeTarget "LandmarksLow" */;
			buildPhases = (
				3625D3DD297520E0003A1C80 /* Sources */,
				3625D3DE297520E0003A1C80 /* Frameworks */,
				3625D3DF297520E0003A1C80 /* Resources */,
			);
			buildRules = (
			);
			dependencies = (
			);
			name = LandmarksLow;
			productName = LandmarksLow;
			productReference = 3625D3E1297520E0003A1C80 /* LandmarksLow.app */;
			productType = "com.apple.product-type.application";
		};
		3625D3F1297520E2003A1C80 /* LandmarksLowTests */ = {
			isa = PBXNativeTarget;
			buildConfigurationList = 3625D409297520E2003A1C80 /* Build configuration list for PBXNativeTarget "LandmarksLowTests" */;
			buildPhases = (
				3625D3EE297520E2003A1C80 /* Sources */,
				3625D3EF297520E2003A1C80 /* Frameworks */,
				3625D3F0297520E2003A1C80 /* Resources */,
			);
			buildRules = (
			);
			dependencies = (
				3625D3F4297520E2003A1C80 /* PBXTargetDependency */,
			);
			name = LandmarksLowTests;
			productName = LandmarksLowTests;
			productReference = 3625D3F2297520E2003A1C80 /* LandmarksLowTests.xctest */;
			productType = "com.apple.product-type.bundle.unit-test";
		};
		3625D3FC297520E2003A1C80 /* LandmarksLowUITests */ = {
			isa = PBXNativeTarget;
			buildConfigurationList = 3625D40C297520E2003A1C80 /* Build configuration list for PBXNativeTarget "LandmarksLowUITests" */;
			buildPhases = (
				3625D3F9297520E2003A1C80 /* Sources */,
				3625D3FA297520E2003A1C80 /* Frameworks */,
				3625D3FB297520E2003A1C80 /* Resources */,
			);
			buildRules = (
			);
			dependencies = (
				3625D3FF297520E2003A1C80 /* PBXTargetDependency */,
			);
			name = LandmarksLowUITests;
			productName = LandmarksLowUITests;
			productReference = 3625D3FD297520E2003A1C80 /* LandmarksLowUITests.xctest */;
			productType = "com.apple.product-type.bundle.ui-testing";
		};
/* End PBXNativeTarget section */

/* Begin PBXProject section */
		3625D3D9297520E0003A1C80 /* Project object */ = {
			isa = PBXProject;
			attributes = {
				LastSwiftUpdateCheck = 1240;
				LastUpgradeCheck = 1240;
				TargetAttributes = {
					3625D3E0297520E0003A1C80 = {
						CreatedOnToolsVersion = 12.4;
					};
					3625D3F1297520E2003A1C80 = {
						CreatedOnToolsVersion = 12.4;
						TestTargetID = 3625D3E0297520E0003A1C80;
					};
					3625D3FC297520E2003A1C80 = {
						CreatedOnToolsVersion = 12.4;
						TestTargetID = 3625D3E0297520E0003A1C80;
					};
				};
			};
			buildConfigurationList = 3625D3DC297520E0003A1C80 /* Build configuration list for PBXProject "LandmarksLow" */;
			compatibilityVersion = "Xcode 9.3";
			developmentRegion = en;
			hasScannedForEncodings = 0;
			knownRegions = (
				en,
				Base,
			);
			mainGroup = 3625D3D8297520E0003A1C80;
			productRefGroup = 3625D3E2297520E0003A1C80 /* Products */;
			projectDirPath = "";
			projectRoot = "";
			targets = (
				3625D3E0297520E0003A1C80 /* LandmarksLow */,
				3625D3F1297520E2003A1C80 /* LandmarksLowTests */,
				3625D3FC297520E2003A1C80 /* LandmarksLowUITests */,
			);
		};
/* End PBXProject section */

/* Begin PBXResourcesBuildPhase section */
		3625D3DF297520E0003A1C80 /* Resources */ = {
			isa = PBXResourcesBuildPhase;
			buildActionMask = 2147483647;
			files = (
				3625D3EC297520E2003A1C80 /* Preview Assets.xcassets in Resources */,
				3625D3E9297520E2003A1C80 /* Assets.xcassets in Resources */,
				B0D27941297AC894000B2805 /* landmarkData.json in Resources */,
			);
			runOnlyForDeploymentPostprocessing = 0;
		};
		3625D3F0297520E2003A1C80 /* Resources */ = {
			isa = PBXResourcesBuildPhase;
			buildActionMask = 2147483647;
			files = (
			);
			runOnlyForDeploymentPostprocessing = 0;
		};
		3625D3FB297520E2003A1C80 /* Resources */ = {
			isa = PBXResourcesBuildPhase;
			buildActionMask = 2147483647;
			files = (
			);
			runOnlyForDeploymentPostprocessing = 0;
		};
/* End PBXResourcesBuildPhase section */

/* Begin PBXSourcesBuildPhase section */
		3625D3DD297520E0003A1C80 /* Sources */ = {
			isa = PBXSourcesBuildPhase;
			buildActionMask = 2147483647;
			files = (
				3625D3E7297520E0003A1C80 /* ContentView.swift in Sources */,
				361C7E7129752CCA00723E07 /* MapView.swift in Sources */,
				3625D3E5297520E0003A1C80 /* LandmarksLowApp.swift in Sources */,
				3625D413297527A1003A1C80 /* CircleImage.swift in Sources */,
				B0D27946297AC8B6000B2805 /* Landmark.swift in Sources */,
				B0D2794B297ACD09000B2805 /* ModelData.swift in Sources */,
			);
			runOnlyForDeploymentPostprocessing = 0;
		};
		3625D3EE297520E2003A1C80 /* Sources */ = {
			isa = PBXSourcesBuildPhase;
			buildActionMask = 2147483647;
			files = (
				3625D3F7297520E2003A1C80 /* LandmarksLowTests.swift in Sources */,
			);
			runOnlyForDeploymentPostprocessing = 0;
		};
		3625D3F9297520E2003A1C80 /* Sources */ = {
			isa = PBXSourcesBuildPhase;
			buildActionMask = 2147483647;
			files = (
				3625D402297520E2003A1C80 /* LandmarksLowUITests.swift in Sources */,
			);
			runOnlyForDeploymentPostprocessing = 0;
		};
/* End PBXSourcesBuildPhase section */

/* Begin PBXTargetDependency section */
		3625D3F4297520E2003A1C80 /* PBXTargetDependency */ = {
			isa = PBXTargetDependency;
			target = 3625D3E0297520E0003A1C80 /* LandmarksLow */;
			targetProxy = 3625D3F3297520E2003A1C80 /* PBXContainerItemProxy */;
		};
		3625D3FF297520E2003A1C80 /* PBXTargetDependency */ = {
			isa = PBXTargetDependency;
			target = 3625D3E0297520E0003A1C80 /* LandmarksLow */;
			targetProxy = 3625D3FE297520E2003A1C80 /* PBXContainerItemProxy */;
		};
/* End PBXTargetDependency section */

/* Begin XCBuildConfiguration section */
		3625D404297520E2003A1C80 /* Debug */ = {
			isa = XCBuildConfiguration;
			buildSettings = {
				ALWAYS_SEARCH_USER_PATHS = NO;
				CLANG_ANALYZER_NONNULL = YES;
				CLANG_ANALYZER_NUMBER_OBJECT_CONVERSION = YES_AGGRESSIVE;
				CLANG_CXX_LANGUAGE_STANDARD = "gnu++14";
				CLANG_CXX_LIBRARY = "libc++";
				CLANG_ENABLE_MODULES = YES;
				CLANG_ENABLE_OBJC_ARC = YES;
				CLANG_ENABLE_OBJC_WEAK = YES;
				CLANG_WARN_BLOCK_CAPTURE_AUTORELEASING = YES;
				CLANG_WARN_BOOL_CONVERSION = YES;
				CLANG_WARN_COMMA = YES;
				CLANG_WARN_CONSTANT_CONVERSION = YES;
				CLANG_WARN_DEPRECATED_OBJC_IMPLEMENTATIONS = YES;
				CLANG_WARN_DIRECT_OBJC_ISA_USAGE = YES_ERROR;
				CLANG_WARN_DOCUMENTATION_COMMENTS = YES;
				CLANG_WARN_EMPTY_BODY = YES;
				CLANG_WARN_ENUM_CONVERSION = YES;
				CLANG_WARN_INFINITE_RECURSION = YES;
				CLANG_WARN_INT_CONVERSION = YES;
				CLANG_WARN_NON_LITERAL_NULL_CONVERSION = YES;
				CLANG_WARN_OBJC_IMPLICIT_RETAIN_SELF = YES;
				CLANG_WARN_OBJC_LITERAL_CONVERSION = YES;
				CLANG_WARN_OBJC_ROOT_CLASS = YES_ERROR;
				CLANG_WARN_QUOTED_INCLUDE_IN_FRAMEWORK_HEADER = YES;
				CLANG_WARN_RANGE_LOOP_ANALYSIS = YES;
				CLANG_WARN_STRICT_PROTOTYPES = YES;
				CLANG_WARN_SUSPICIOUS_MOVE = YES;
				CLANG_WARN_UNGUARDED_AVAILABILITY = YES_AGGRESSIVE;
				CLANG_WARN_UNREACHABLE_CODE = YES;
				CLANG_WARN__DUPLICATE_METHOD_MATCH = YES;
				COPY_PHASE_STRIP = NO;
				DEBUG_INFORMATION_FORMAT = dwarf;
				ENABLE_STRICT_OBJC_MSGSEND = YES;
				ENABLE_TESTABILITY = YES;
				GCC_C_LANGUAGE_STANDARD = gnu11;
				GCC_DYNAMIC_NO_PIC = NO;
				GCC_NO_COMMON_BLOCKS = YES;
				GCC_OPTIMIZATION_LEVEL = 0;
				GCC_PREPROCESSOR_DEFINITIONS = (
					"DEBUG=1",
					"$(inherited)",
				);
				GCC_WARN_64_TO_32_BIT_CONVERSION = YES;
				GCC_WARN_ABOUT_RETURN_TYPE = YES_ERROR;
				GCC_WARN_UNDECLARED_SELECTOR = YES;
				GCC_WARN_UNINITIALIZED_AUTOS = YES_AGGRESSIVE;
				GCC_WARN_UNUSED_FUNCTION = YES;
				GCC_WARN_UNUSED_VARIABLE = YES;
				IPHONEOS_DEPLOYMENT_TARGET = 14.4;
				MTL_ENABLE_DEBUG_INFO = INCLUDE_SOURCE;
				MTL_FAST_MATH = YES;
				ONLY_ACTIVE_ARCH = YES;
				SDKROOT = iphoneos;
				SWIFT_ACTIVE_COMPILATION_CONDITIONS = DEBUG;
				SWIFT_OPTIMIZATION_LEVEL = "-Onone";
			};
			name = Debug;
		};
		3625D405297520E2003A1C80 /* Release */ = {
			isa = XCBuildConfiguration;
			buildSettings = {
				ALWAYS_SEARCH_USER_PATHS = NO;
				CLANG_ANALYZER_NONNULL = YES;
				CLANG_ANALYZER_NUMBER_OBJECT_CONVERSION = YES_AGGRESSIVE;
				CLANG_CXX_LANGUAGE_STANDARD = "gnu++14";
				CLANG_CXX_LIBRARY = "libc++";
				CLANG_ENABLE_MODULES = YES;
				CLANG_ENABLE_OBJC_ARC = YES;
				CLANG_ENABLE_OBJC_WEAK = YES;
				CLANG_WARN_BLOCK_CAPTURE_AUTORELEASING = YES;
				CLANG_WARN_BOOL_CONVERSION = YES;
				CLANG_WARN_COMMA = YES;
				CLANG_WARN_CONSTANT_CONVERSION = YES;
				CLANG_WARN_DEPRECATED_OBJC_IMPLEMENTATIONS = YES;
				CLANG_WARN_DIRECT_OBJC_ISA_USAGE = YES_ERROR;
				CLANG_WARN_DOCUMENTATION_COMMENTS = YES;
				CLANG_WARN_EMPTY_BODY = YES;
				CLANG_WARN_ENUM_CONVERSION = YES;
				CLANG_WARN_INFINITE_RECURSION = YES;
				CLANG_WARN_INT_CONVERSION = YES;
				CLANG_WARN_NON_LITERAL_NULL_CONVERSION = YES;
				CLANG_WARN_OBJC_IMPLICIT_RETAIN_SELF = YES;
				CLANG_WARN_OBJC_LITERAL_CONVERSION = YES;
				CLANG_WARN_OBJC_ROOT_CLASS = YES_ERROR;
				CLANG_WARN_QUOTED_INCLUDE_IN_FRAMEWORK_HEADER = YES;
				CLANG_WARN_RANGE_LOOP_ANALYSIS = YES;
				CLANG_WARN_STRICT_PROTOTYPES = YES;
				CLANG_WARN_SUSPICIOUS_MOVE = YES;
				CLANG_WARN_UNGUARDED_AVAILABILITY = YES_AGGRESSIVE;
				CLANG_WARN_UNREACHABLE_CODE = YES;
				CLANG_WARN__DUPLICATE_METHOD_MATCH = YES;
				COPY_PHASE_STRIP = NO;
				DEBUG_INFORMATION_FORMAT = "dwarf-with-dsym";
				ENABLE_NS_ASSERTIONS = NO;
				ENABLE_STRICT_OBJC_MSGSEND = YES;
				GCC_C_LANGUAGE_STANDARD = gnu11;
				GCC_NO_COMMON_BLOCKS = YES;
				GCC_WARN_64_TO_32_BIT_CONVERSION = YES;
				GCC_WARN_ABOUT_RETURN_TYPE = YES_ERROR;
				GCC_WARN_UNDECLARED_SELECTOR = YES;
				GCC_WARN_UNINITIALIZED_AUTOS = YES_AGGRESSIVE;
				GCC_WARN_UNUSED_FUNCTION = YES;
				GCC_WARN_UNUSED_VARIABLE = YES;
				IPHONEOS_DEPLOYMENT_TARGET = 14.4;
				MTL_ENABLE_DEBUG_INFO = NO;
				MTL_FAST_MATH = YES;
				SDKROOT = iphoneos;
				SWIFT_COMPILATION_MODE = wholemodule;
				SWIFT_OPTIMIZATION_LEVEL = "-O";
				VALIDATE_PRODUCT = YES;
			};
			name = Release;
		};
		3625D407297520E2003A1C80 /* Debug */ = {
			isa = XCBuildConfiguration;
			buildSettings = {
				ASSETCATALOG_COMPILER_APPICON_NAME = AppIcon;
				ASSETCATALOG_COMPILER_GLOBAL_ACCENT_COLOR_NAME = AccentColor;
				CODE_SIGN_STYLE = Automatic;
				DEVELOPMENT_ASSET_PATHS = "\"LandmarksLow/Preview Content\"";
				ENABLE_PREVIEWS = YES;
				INFOPLIST_FILE = LandmarksLow/Info.plist;
				IPHONEOS_DEPLOYMENT_TARGET = 14.0;
				LD_RUNPATH_SEARCH_PATHS = (
					"$(inherited)",
					"@executable_path/Frameworks",
				);
				PRODUCT_BUNDLE_IDENTIFIER = com.bluesky.LandmarksLow;
				PRODUCT_NAME = "$(TARGET_NAME)";
				SWIFT_VERSION = 5.0;
				TARGETED_DEVICE_FAMILY = "1,2";
			};
			name = Debug;
		};
		3625D408297520E2003A1C80 /* Release */ = {
			isa = XCBuildConfiguration;
			buildSettings = {
				ASSETCATALOG_COMPILER_APPICON_NAME = AppIcon;
				ASSETCATALOG_COMPILER_GLOBAL_ACCENT_COLOR_NAME = AccentColor;
				CODE_SIGN_STYLE = Automatic;
				DEVELOPMENT_ASSET_PATHS = "\"LandmarksLow/Preview Content\"";
				ENABLE_PREVIEWS = YES;
				INFOPLIST_FILE = LandmarksLow/Info.plist;
				IPHONEOS_DEPLOYMENT_TARGET = 14.0;
				LD_RUNPATH_SEARCH_PATHS = (
					"$(inherited)",
					"@executable_path/Frameworks",
				);
				PRODUCT_BUNDLE_IDENTIFIER = com.bluesky.LandmarksLow;
				PRODUCT_NAME = "$(TARGET_NAME)";
				SWIFT_VERSION = 5.0;
				TARGETED_DEVICE_FAMILY = "1,2";
			};
			name = Release;
		};
		3625D40A297520E2003A1C80 /* Debug */ = {
			isa = XCBuildConfiguration;
			buildSettings = {
				ALWAYS_EMBED_SWIFT_STANDARD_LIBRARIES = YES;
				BUNDLE_LOADER = "$(TEST_HOST)";
				CODE_SIGN_STYLE = Automatic;
				INFOPLIST_FILE = LandmarksLowTests/Info.plist;
				IPHONEOS_DEPLOYMENT_TARGET = 14.0;
				LD_RUNPATH_SEARCH_PATHS = (
					"$(inherited)",
					"@executable_path/Frameworks",
					"@loader_path/Frameworks",
				);
				PRODUCT_BUNDLE_IDENTIFIER = com.bluesky.LandmarksLowTests;
				PRODUCT_NAME = "$(TARGET_NAME)";
				SWIFT_VERSION = 5.0;
				TARGETED_DEVICE_FAMILY = "1,2";
				TEST_HOST = "$(BUILT_PRODUCTS_DIR)/LandmarksLow.app/LandmarksLow";
			};
			name = Debug;
		};
		3625D40B297520E2003A1C80 /* Release */ = {
			isa = XCBuildConfiguration;
			buildSettings = {
				ALWAYS_EMBED_SWIFT_STANDARD_LIBRARIES = YES;
				BUNDLE_LOADER = "$(TEST_HOST)";
				CODE_SIGN_STYLE = Automatic;
				INFOPLIST_FILE = LandmarksLowTests/Info.plist;
				IPHONEOS_DEPLOYMENT_TARGET = 14.0;
				LD_RUNPATH_SEARCH_PATHS = (
					"$(inherited)",
					"@executable_path/Frameworks",
					"@loader_path/Frameworks",
				);
				PRODUCT_BUNDLE_IDENTIFIER = com.bluesky.LandmarksLowTests;
				PRODUCT_NAME = "$(TARGET_NAME)";
				SWIFT_VERSION = 5.0;
				TARGETED_DEVICE_FAMILY = "1,2";
				TEST_HOST = "$(BUILT_PRODUCTS_DIR)/LandmarksLow.app/LandmarksLow";
			};
			name = Release;
		};
		3625D40D297520E2003A1C80 /* Debug */ = {
			isa = XCBuildConfiguration;
			buildSettings = {
				ALWAYS_EMBED_SWIFT_STANDARD_LIBRARIES = YES;
				CODE_SIGN_STYLE = Automatic;
				INFOPLIST_FILE = LandmarksLowUITests/Info.plist;
				LD_RUNPATH_SEARCH_PATHS = (
					"$(inherited)",
					"@executable_path/Frameworks",
					"@loader_path/Frameworks",
				);
				PRODUCT_BUNDLE_IDENTIFIER = com.bluesky.LandmarksLowUITests;
				PRODUCT_NAME = "$(TARGET_NAME)";
				SWIFT_VERSION = 5.0;
				TARGETED_DEVICE_FAMILY = "1,2";
				TEST_TARGET_NAME = LandmarksLow;
			};
			name = Debug;
		};
		3625D40E297520E2003A1C80 /* Release */ = {
			isa = XCBuildConfiguration;
			buildSettings = {
				ALWAYS_EMBED_SWIFT_STANDARD_LIBRARIES = YES;
				CODE_SIGN_STYLE = Automatic;
				INFOPLIST_FILE = LandmarksLowUITests/Info.plist;
				LD_RUNPATH_SEARCH_PATHS = (
					"$(inherited)",
					"@executable_path/Frameworks",
					"@loader_path/Frameworks",
				);
				PRODUCT_BUNDLE_IDENTIFIER = com.bluesky.LandmarksLowUITests;
				PRODUCT_NAME = "$(TARGET_NAME)";
				SWIFT_VERSION = 5.0;
				TARGETED_DEVICE_FAMILY = "1,2";
				TEST_TARGET_NAME = LandmarksLow;
			};
			name = Release;
		};
/* End XCBuildConfiguration section */

/* Begin XCConfigurationList section */
		3625D3DC297520E0003A1C80 /* Build configuration list for PBXProject "LandmarksLow" */ = {
			isa = XCConfigurationList;
			buildConfigurations = (
				3625D404297520E2003A1C80 /* Debug */,
				3625D405297520E2003A1C80 /* Release */,
			);
			defaultConfigurationIsVisible = 0;
			defaultConfigurationName = Release;
		};
		3625D406297520E2003A1C80 /* Build configuration list for PBXNativeTarget "LandmarksLow" */ = {
			isa = XCConfigurationList;
			buildConfigurations = (
				3625D407297520E2003A1C80 /* Debug */,
				3625D408297520E2003A1C80 /* Release */,
			);
			defaultConfigurationIsVisible = 0;
			defaultConfigurationName = Release;
		};
		3625D409297520E2003A1C80 /* Build configuration list for PBXNativeTarget "LandmarksLowTests" */ = {
			isa = XCConfigurationList;
			buildConfigurations = (
				3625D40A297520E2003A1C80 /* Debug */,
				3625D40B297520E2003A1C80 /* Release */,
			);
			defaultConfigurationIsVisible = 0;
			defaultConfigurationName = Release;
		};
		3625D40C297520E2003A1C80 /* Build configuration list for PBXNativeTarget "LandmarksLowUITests" */ = {
			isa = XCConfigurationList;
			buildConfigurations = (
				3625D40D297520E2003A1C80 /* Debug */,
				3625D40E297520E2003A1C80 /* Release */,
			);
			defaultConfigurationIsVisible = 0;
			defaultConfigurationName = Release;
		};
/* End XCConfigurationList section */
	};
	rootObject = 3625D3D9297520E0003A1C80 /* Project object */;
}
